
Microsoft Visual Studio Solution File, Format Version 12.00
# Visual Studio 2012
Project("{FAE04EC0-301F-11D3-BF4B-00C04F79EFBC}") = "QuartzUI", "QuartzUI\QuartzUI.csproj", "{A8F032D4-43AB-4F5C-9B62-06CF0072A680}"
EndProject
Global
	GlobalSection(SolutionConfigurationPlatforms) = preSolution
		Debug|x86 = Debug|x86
		Release|x86 = Release|x86
	EndGlobalSection
	GlobalSection(ProjectConfigurationPlatforms) = postSolution
		{A8F032D4-43AB-4F5C-9B62-06CF0072A680}.Debug|x86.ActiveCfg = Debug|x86
		{A8F032D4-43AB-4F5C-9B62-06CF0072A680}.Debug|x86.Build.0 = Debug|x86
		{A8F032D4-43AB-4F5C-9B62-06CF0072A680}.Release|x86.ActiveCfg = Release|x86
		{A8F032D4-43AB-4F5C-9B62-06CF0072A680}.Release|x86.Build.0 = Release|x86
	EndGlobalSection
EndGlobal
